{
  "name": "gulp-htmlincluder",
  "version": "1.0.0",
  "lockfileVersion": 1,
  "requires": true,
  "dependencies": {
    "dirty-json": {
      "version": "0.5.0",
      "resolved": "https://registry.npmjs.org/dirty-json/-/dirty-json-0.5.0.tgz",
      "integrity": "sha512-/U07+7bkGwRu4KlKMku88yhcq2pGJfJT9mmodYWHuHNT+Vb8maqnCF3B5GGUyYBTuentdHaLyZJl4PJdbkClfw==",
      "requires": {
        "lex": "1.7.9",
        "q": "1.5.1",
        "unescape-js": "1.0.8",
        "utf8": "2.1.2"
      }
    },
    "lex": {
      "version": "1.7.9",
      "resolved": "https://registry.npmjs.org/lex/-/lex-1.7.9.tgz",
      "integrity": "sha1-XVY2zO9XQ0g2KTi3mkfw7tjtDUM="
    },
    "q": {
      "version": "1.5.1",
      "resolved": "https://registry.npmjs.org/q/-/q-1.5.1.tgz",
      "integrity": "sha1-fjL3W0E4EpHQRhHxvxQQmsAGUdc="
    },
    "string.fromcodepoint": {
      "version": "0.2.1",
      "resolved": "https://registry.npmjs.org/string.fromcodepoint/-/string.fromcodepoint-0.2.1.tgz",
      "integrity": "sha1-jZeDM8C8klOPUPOD5IiPPlYZ1lM="
    },
    "unescape-js": {
      "version": "1.0.8",
      "resolved": "https://registry.npmjs.org/unescape-js/-/unescape-js-1.0.8.tgz",
      "integrity": "sha1-iJz0aZyT7UMMo9SGs2hfQ1wclYM=",
      "requires": {
        "string.fromcodepoint": "0.2.1"
      }
    },
    "utf8": {
      "version": "2.1.2",
      "resolved": "https://registry.npmjs.org/utf8/-/utf8-2.1.2.tgz",
      "integrity": "sha1-H6DZJw6b6FDZsFAn9jUZv0ZFfZY="
    }
  }
}
